# This file is automatically @generated by Cargo.
# It is not intended for manual editing.
version = 4

[[package]]
name = "bitwright"
version = "0.10.0"
dependencies = [
 "bitwright-ref",
 "hashbrown",
]

[[package]]
name = "bitwright-bench"
version = "0.10.0"
dependencies = [
 "bitwright",
 "libc",
]

[[package]]
name = "bitwright-cli"
version = "0.10.0"
dependencies = [
 "bitwright",
]

[[package]]
name = "bitwright-ffi"
version = "0.10.0"
dependencies = [
 "bitwright",
]

[[package]]
name = "bitwright-ref"
version = "0.10.0"

[[package]]
name = "hashbrown"
version = "0.17.1"
source = "registry+https://github.com/rust-lang/crates.io-index"
checksum = "ed5909b6e89a2db4456e54cd5f673791d7eca6732202bbf2a9cc504fe2f9b84a"

[[package]]
name = "libc"
version = "0.2.189"
source = "registry+https://github.com/rust-lang/crates.io-index"
checksum = "3eaf3ede3fee6db1a4c2ee091bf8a8b4dccdc6d17f656fb07896ee72867612f2"
